{
  "name": "rescript-chai",
  "version": "0.1.0",
  "lockfileVersion": 3,
  "requires": true,
  "packages": {
    "": {
      "name": "rescript-chai",
      "version": "0.1.0",
      "dependencies": {
        "@glennsl/rescript-fetch": "^0.2.3",
        "@rescript/core": "^1.6.1",
        "@rescript/react": "^0.13.1",
        "react": "^18.2.0",
        "react-dom": "^18.2.0",
        "react-tracked": "^2.0.1",
        "rescript": "^11.1.4",
        "scheduler": "^0.27.0",
        "zustand": "^5.0.8"
      }
    },
    "node_modules/@glennsl/rescript-fetch": {
      "version": "0.2.3",
      "license": "MIT"
    },
    "node_modules/@rescript/core": {
      "version": "1.6.1",
      "license": "MIT",
      "peerDependencies": {
        "rescript": ">=11.1.0"
      }
    },
    "node_modules/@rescript/react": {
      "version": "0.13.1",
      "license": "MIT",
      "peerDependencies": {
        "react": ">=18.0.0",
        "react-dom": ">=18.0.0"
      }
    },
    "node_modules/js-tokens": {
      "version": "4.0.0",
      "license": "MIT"
    },
    "node_modules/loose-envify": {
      "version": "1.4.0",
      "license": "MIT",
      "dependencies": {
        "js-tokens": "^3.0.0 || ^4.0.0"
      },
      "bin": {
        "loose-envify": "cli.js"
      }
    },
    "node_modules/proxy-compare": {
      "version": "3.0.1",
      "resolved": "https://registry.npmjs.org/proxy-compare/-/proxy-compare-3.0.1.tgz",
      "integrity": "sha512-V9plBAt3qjMlS1+nC8771KNf6oJ12gExvaxnNzN/9yVRLdTv/lc+oJlnSzrdYDAvBfTStPCoiaCOTmTs0adv7Q==",
      "license": "MIT"
    },
    "node_modules/react": {
      "version": "18.3.1",
      "license": "MIT",
      "dependencies": {
        "loose-envify": "^1.1.0"
      },
      "engines": {
        "node": ">=0.10.0"
      }
    },
    "node_modules/react-dom": {
      "version": "18.3.1",
      "license": "MIT",
      "dependencies": {
        "loose-envify": "^1.1.0",
        "scheduler": "^0.23.2"
      },
      "peerDependencies": {
        "react": "^18.3.1"
      }
    },
    "node_modules/react-dom/node_modules/scheduler": {
      "version": "0.23.2",
      "resolved": "https://registry.npmjs.org/scheduler/-/scheduler-0.23.2.tgz",
      "integrity": "sha512-UOShsPwz7NrMUqhR6t0hWjFduvOzbtv7toDH1/hIrfRNIDBnnBWd0CwJTGvTpngVlmwGCdP9/Zl/tVrDqcuYzQ==",
      "license": "MIT",
      "dependencies": {
        "loose-envify": "^1.1.0"
      }
    },
    "node_modules/react-tracked": {
      "version": "2.0.1",
      "resolved": "https://registry.npmjs.org/react-tracked/-/react-tracked-2.0.1.tgz",
      "integrity": "sha512-qjbmtkO2IcW+rB2cFskRWDTjKs/w9poxvNnduacjQA04LWxOoLy9J8WfIEq1ahifQ/tVJQECrQPBm+UEzKRDtg==",
      "license": "MIT",
      "dependencies": {
        "proxy-compare": "^3.0.0",
        "use-context-selector": "^2.0.0"
      },
      "peerDependencies": {
        "react": ">=18.0.0",
        "scheduler": ">=0.19.0"
      }
    },
    "node_modules/rescript": {
      "version": "11.1.4",
      "hasInstallScript": true,
      "license": "SEE LICENSE IN LICENSE",
      "bin": {
        "bsc": "bsc",
        "bstracing": "lib/bstracing",
        "rescript": "rescript"
      },
      "engines": {
        "node": ">=10"
      }
    },
    "node_modules/scheduler": {
      "version": "0.27.0",
      "resolved": "https://registry.npmjs.org/scheduler/-/scheduler-0.27.0.tgz",
      "integrity": "sha512-eNv+WrVbKu1f3vbYJT/xtiF5syA5HPIMtf9IgY/nKg0sWqzAUEvqY/xm7OcZc/qafLx/iO9FgOmeSAp4v5ti/Q==",
      "license": "MIT"
    },
    "node_modules/use-context-selector": {
      "version": "2.0.0",
      "resolved": "https://registry.npmjs.org/use-context-selector/-/use-context-selector-2.0.0.tgz",
      "integrity": "sha512-owfuSmUNd3eNp3J9CdDl0kMgfidV+MkDvHPpvthN5ThqM+ibMccNE0k+Iq7TWC6JPFvGZqanqiGCuQx6DyV24g==",
      "license": "MIT",
      "peerDependencies": {
        "react": ">=18.0.0",
        "scheduler": ">=0.19.0"
      }
    },
    "node_modules/zustand": {
      "version": "5.0.8",
      "license": "MIT",
      "engines": {
        "node": ">=12.20.0"
      },
      "peerDependencies": {
        "@types/react": ">=18.0.0",
        "immer": ">=9.0.6",
        "react": ">=18.0.0",
        "use-sync-external-store": ">=1.2.0"
      },
      "peerDependenciesMeta": {
        "@types/react": {
          "optional": true
        },
        "immer": {
          "optional": true
        },
        "react": {
          "optional": true
        },
        "use-sync-external-store": {
          "optional": true
        }
      }
    }
  }
}
